
Microsoft Visual Studio Solution File, Format Version 12.00
# Visual Studio 14
VisualStudioVersion = 14.0.22823.1
MinimumVisualStudioVersion = 10.0.40219.1
Project("{FAE04EC0-301F-11D3-BF4B-00C04F79EFBC}") = "ReachingTypeAnalysis", "ReachingTypeAnalysis\ReachingTypeAnalysis.csproj", "{31E6307F-30AF-46D4-B9B5-195C54408204}"
EndProject
Project("{2150E333-8FDC-42A3-9474-1A3956D46DE8}") = ".nuget", ".nuget", "{04E0B563-E9D4-4271-9B4E-C0A6D258C2E7}"
	ProjectSection(SolutionItems) = preProject
		.nuget\NuGet.Config = .nuget\NuGet.Config
		.nuget\NuGet.exe = .nuget\NuGet.exe
		.nuget\NuGet.targets = .nuget\NuGet.targets
	EndProjectSection
EndProject
Project("{FAE04EC0-301F-11D3-BF4B-00C04F79EFBC}") = "CallGraphGeneration", "CallGraphGeneration\CallGraphGeneration.csproj", "{AFA3D4E1-8DB8-4BC4-A72B-A89283417639}"
EndProject
Project("{2150E333-8FDC-42A3-9474-1A3956D46DE8}") = "Solution Items", "Solution Items", "{1290F004-9357-40C3-A5EF-E371C9D8C47A}"
	ProjectSection(SolutionItems) = preProject
		LICENSE.txt = LICENSE.txt
		README.md = README.md
	EndProjectSection
EndProject
Project("{FAE04EC0-301F-11D3-BF4B-00C04F79EFBC}") = "OrleansInterfaces", "OrleansInterfaces\OrleansInterfaces.csproj", "{B6126696-692E-4728-8210-922848F297AB}"
EndProject
Project("{FAE04EC0-301F-11D3-BF4B-00C04F79EFBC}") = "OrleansGrains", "OrleansGrains\OrleansGrains.csproj", "{7EDBC025-77C7-481B-8DFA-675A0B670F85}"
EndProject
Project("{FAE04EC0-301F-11D3-BF4B-00C04F79EFBC}") = "Common", "Common\Common.csproj", "{2930867F-55B9-4FB2-830E-DD1F4D79448A}"
EndProject
Project("{FAE04EC0-301F-11D3-BF4B-00C04F79EFBC}") = "Samples.StorageProviders", "StorageProviders\Samples.StorageProviders.csproj", "{82DDC043-35EB-4D2C-88BB-1566114872AE}"
EndProject
Project("{FAE04EC0-301F-11D3-BF4B-00C04F79EFBC}") = "StatsProject", "StatsProject\StatsProject.csproj", "{509637A2-3579-476A-9D1D-88E8CA5788EC}"
EndProject
Project("{CC5FD16D-436D-48AD-A40C-5A424C6E3E79}") = "OrleansAzureSilos", "OrleansAzureSilos\OrleansAzureSilos.ccproj", "{F63E560D-6DC0-4683-940C-5CD059FC279C}"
EndProject
Project("{FAE04EC0-301F-11D3-BF4B-00C04F79EFBC}") = "OrleansSilosInAzure", "OrleansSilosInAzure\OrleansSilosInAzure.csproj", "{C07F6004-D958-4BE5-A348-1D8F6EE2D60A}"
EndProject
Project("{FAE04EC0-301F-11D3-BF4B-00C04F79EFBC}") = "WebRole1", "WebRole1\WebRole1.csproj", "{304DD841-07B0-4753-8457-CA22965EA5BA}"
EndProject
Project("{FAE04EC0-301F-11D3-BF4B-00C04F79EFBC}") = "WebRole1.Tests", "WebRole1.Tests\WebRole1.Tests.csproj", "{B7136119-9AB2-4FE9-B0F5-F6DE9FB8064A}"
EndProject
Project("{FAE04EC0-301F-11D3-BF4B-00C04F79EFBC}") = "AnalysisCore", "AnalysisCore\AnalysisCore.csproj", "{7F6234FE-027F-4956-BCD1-2751FF866223}"
EndProject
Project("{FAE04EC0-301F-11D3-BF4B-00C04F79EFBC}") = "ConsoleServer", "ConsoleServer\ConsoleServer.csproj", "{C66DE883-FFB6-40A9-9BB8-82E1452751EA}"
EndProject
Project("{2150E333-8FDC-42A3-9474-1A3956D46DE8}") = "Front-End", "Front-End", "{87FB941E-DB5F-49FB-8AFA-0974E3D6BA07}"
EndProject
Project("{2150E333-8FDC-42A3-9474-1A3956D46DE8}") = "Azure", "Azure", "{82A22377-C716-4F90-BB85-132B5AF1C486}"
EndProject
Project("{FAE04EC0-301F-11D3-BF4B-00C04F79EFBC}") = "CodeGraphModel", "CodeGraphModel\CodeGraphModel.csproj", "{55B3035F-2852-4B39-A235-7627D108373D}"
EndProject
Global
	GlobalSection(SolutionConfigurationPlatforms) = preSolution
		Debug|Any CPU = Debug|Any CPU
		Release|Any CPU = Release|Any CPU
	EndGlobalSection
	GlobalSection(ProjectConfigurationPlatforms) = postSolution
		{31E6307F-30AF-46D4-B9B5-195C54408204}.Debug|Any CPU.ActiveCfg = Debug|Any CPU
		{31E6307F-30AF-46D4-B9B5-195C54408204}.Debug|Any CPU.Build.0 = Debug|Any CPU
		{31E6307F-30AF-46D4-B9B5-195C54408204}.Release|Any CPU.ActiveCfg = Release|Any CPU
		{31E6307F-30AF-46D4-B9B5-195C54408204}.Release|Any CPU.Build.0 = Release|Any CPU
		{AFA3D4E1-8DB8-4BC4-A72B-A89283417639}.Debug|Any CPU.ActiveCfg = Debug|Any CPU
		{AFA3D4E1-8DB8-4BC4-A72B-A89283417639}.Debug|Any CPU.Build.0 = Debug|Any CPU
		{AFA3D4E1-8DB8-4BC4-A72B-A89283417639}.Release|Any CPU.ActiveCfg = Release|Any CPU
		{AFA3D4E1-8DB8-4BC4-A72B-A89283417639}.Release|Any CPU.Build.0 = Release|Any CPU
		{B6126696-692E-4728-8210-922848F297AB}.Debug|Any CPU.ActiveCfg = Debug|Any CPU
		{B6126696-692E-4728-8210-922848F297AB}.Debug|Any CPU.Build.0 = Debug|Any CPU
		{B6126696-692E-4728-8210-922848F297AB}.Release|Any CPU.ActiveCfg = Release|Any CPU
		{B6126696-692E-4728-8210-922848F297AB}.Release|Any CPU.Build.0 = Release|Any CPU
		{7EDBC025-77C7-481B-8DFA-675A0B670F85}.Debug|Any CPU.ActiveCfg = Debug|Any CPU
		{7EDBC025-77C7-481B-8DFA-675A0B670F85}.Debug|Any CPU.Build.0 = Debug|Any CPU
		{7EDBC025-77C7-481B-8DFA-675A0B670F85}.Release|Any CPU.ActiveCfg = Release|Any CPU
		{7EDBC025-77C7-481B-8DFA-675A0B670F85}.Release|Any CPU.Build.0 = Release|Any CPU
		{2930867F-55B9-4FB2-830E-DD1F4D79448A}.Debug|Any CPU.ActiveCfg = Debug|Any CPU
		{2930867F-55B9-4FB2-830E-DD1F4D79448A}.Debug|Any CPU.Build.0 = Debug|Any CPU
		{2930867F-55B9-4FB2-830E-DD1F4D79448A}.Release|Any CPU.ActiveCfg = Release|Any CPU
		{2930867F-55B9-4FB2-830E-DD1F4D79448A}.Release|Any CPU.Build.0 = Release|Any CPU
		{82DDC043-35EB-4D2C-88BB-1566114872AE}.Debug|Any CPU.ActiveCfg = Debug|Any CPU
		{82DDC043-35EB-4D2C-88BB-1566114872AE}.Debug|Any CPU.Build.0 = Debug|Any CPU
		{82DDC043-35EB-4D2C-88BB-1566114872AE}.Release|Any CPU.ActiveCfg = Release|Any CPU
		{82DDC043-35EB-4D2C-88BB-1566114872AE}.Release|Any CPU.Build.0 = Release|Any CPU
		{509637A2-3579-476A-9D1D-88E8CA5788EC}.Debug|Any CPU.ActiveCfg = Debug|Any CPU
		{509637A2-3579-476A-9D1D-88E8CA5788EC}.Debug|Any CPU.Build.0 = Debug|Any CPU
		{509637A2-3579-476A-9D1D-88E8CA5788EC}.Release|Any CPU.ActiveCfg = Release|Any CPU
		{509637A2-3579-476A-9D1D-88E8CA5788EC}.Release|Any CPU.Build.0 = Release|Any CPU
		{F63E560D-6DC0-4683-940C-5CD059FC279C}.Debug|Any CPU.ActiveCfg = Debug|Any CPU
		{F63E560D-6DC0-4683-940C-5CD059FC279C}.Debug|Any CPU.Build.0 = Debug|Any CPU
		{F63E560D-6DC0-4683-940C-5CD059FC279C}.Release|Any CPU.ActiveCfg = Release|Any CPU
		{F63E560D-6DC0-4683-940C-5CD059FC279C}.Release|Any CPU.Build.0 = Release|Any CPU
		{C07F6004-D958-4BE5-A348-1D8F6EE2D60A}.Debug|Any CPU.ActiveCfg = Debug|Any CPU
		{C07F6004-D958-4BE5-A348-1D8F6EE2D60A}.Debug|Any CPU.Build.0 = Debug|Any CPU
		{C07F6004-D958-4BE5-A348-1D8F6EE2D60A}.Release|Any CPU.ActiveCfg = Release|Any CPU
		{C07F6004-D958-4BE5-A348-1D8F6EE2D60A}.Release|Any CPU.Build.0 = Release|Any CPU
		{304DD841-07B0-4753-8457-CA22965EA5BA}.Debug|Any CPU.ActiveCfg = Debug|Any CPU
		{304DD841-07B0-4753-8457-CA22965EA5BA}.Debug|Any CPU.Build.0 = Debug|Any CPU
		{304DD841-07B0-4753-8457-CA22965EA5BA}.Release|Any CPU.ActiveCfg = Release|Any CPU
		{304DD841-07B0-4753-8457-CA22965EA5BA}.Release|Any CPU.Build.0 = Release|Any CPU
		{B7136119-9AB2-4FE9-B0F5-F6DE9FB8064A}.Debug|Any CPU.ActiveCfg = Debug|Any CPU
		{B7136119-9AB2-4FE9-B0F5-F6DE9FB8064A}.Debug|Any CPU.Build.0 = Debug|Any CPU
		{B7136119-9AB2-4FE9-B0F5-F6DE9FB8064A}.Release|Any CPU.ActiveCfg = Release|Any CPU
		{B7136119-9AB2-4FE9-B0F5-F6DE9FB8064A}.Release|Any CPU.Build.0 = Release|Any CPU
		{7F6234FE-027F-4956-BCD1-2751FF866223}.Debug|Any CPU.ActiveCfg = Debug|Any CPU
		{7F6234FE-027F-4956-BCD1-2751FF866223}.Debug|Any CPU.Build.0 = Debug|Any CPU
		{7F6234FE-027F-4956-BCD1-2751FF866223}.Release|Any CPU.ActiveCfg = Release|Any CPU
		{7F6234FE-027F-4956-BCD1-2751FF866223}.Release|Any CPU.Build.0 = Release|Any CPU
		{C66DE883-FFB6-40A9-9BB8-82E1452751EA}.Debug|Any CPU.ActiveCfg = Debug|Any CPU
		{C66DE883-FFB6-40A9-9BB8-82E1452751EA}.Debug|Any CPU.Build.0 = Debug|Any CPU
		{C66DE883-FFB6-40A9-9BB8-82E1452751EA}.Release|Any CPU.ActiveCfg = Release|Any CPU
		{C66DE883-FFB6-40A9-9BB8-82E1452751EA}.Release|Any CPU.Build.0 = Release|Any CPU
		{55B3035F-2852-4B39-A235-7627D108373D}.Debug|Any CPU.ActiveCfg = Debug|Any CPU
		{55B3035F-2852-4B39-A235-7627D108373D}.Debug|Any CPU.Build.0 = Debug|Any CPU
		{55B3035F-2852-4B39-A235-7627D108373D}.Release|Any CPU.ActiveCfg = Release|Any CPU
		{55B3035F-2852-4B39-A235-7627D108373D}.Release|Any CPU.Build.0 = Release|Any CPU
	EndGlobalSection
	GlobalSection(SolutionProperties) = preSolution
		HideSolutionNode = FALSE
	EndGlobalSection
	GlobalSection(NestedProjects) = preSolution
		{F63E560D-6DC0-4683-940C-5CD059FC279C} = {82A22377-C716-4F90-BB85-132B5AF1C486}
		{C07F6004-D958-4BE5-A348-1D8F6EE2D60A} = {82A22377-C716-4F90-BB85-132B5AF1C486}
		{304DD841-07B0-4753-8457-CA22965EA5BA} = {82A22377-C716-4F90-BB85-132B5AF1C486}
		{B7136119-9AB2-4FE9-B0F5-F6DE9FB8064A} = {82A22377-C716-4F90-BB85-132B5AF1C486}
		{C66DE883-FFB6-40A9-9BB8-82E1452751EA} = {87FB941E-DB5F-49FB-8AFA-0974E3D6BA07}
		{55B3035F-2852-4B39-A235-7627D108373D} = {87FB941E-DB5F-49FB-8AFA-0974E3D6BA07}
	EndGlobalSection
EndGlobal
